
Microsoft Visual Studio Solution File, Format Version 12.00
# Visual Studio Version 17
VisualStudioVersion = 17.1.32319.34
MinimumVisualStudioVersion = 10.0.40219.1
Project("{9A19103F-16F7-4668-BE54-9A1E7A4F7556}") = "KayoEditor", "KayoEditor\KayoEditor.csproj", "{C4065610-0BFB-4C8A-A910-CA4AC7867022}"
EndProject
Project("{9A19103F-16F7-4668-BE54-9A1E7A4F7556}") = "KayoEditorGUI", "KayoEditorGUI\KayoEditorGUI.csproj", "{B57DEE51-4D5F-4BE7-8A05-AFD046A4E6F3}"
EndProject
Project("{9A19103F-16F7-4668-BE54-9A1E7A4F7556}") = "ReedSolomon", "ReedSolomon\ReedSolomon.csproj", "{41C4E41B-AB7A-461A-8BC5-675F690ACF54}"
EndProject
Project("{FAE04EC0-301F-11D3-BF4B-00C04F79EFBC}") = "KayoEditorTests", "KayoEditorTests\KayoEditorTests.csproj", "{7A568EA0-29FA-4B1E-A440-EDCAB167B4B4}"
EndProject
Global
	GlobalSection(SolutionConfigurationPlatforms) = preSolution
		Debug|Any CPU = Debug|Any CPU
		Release|Any CPU = Release|Any CPU
	EndGlobalSection
	GlobalSection(ProjectConfigurationPlatforms) = postSolution
		{C4065610-0BFB-4C8A-A910-CA4AC7867022}.Debug|Any CPU.ActiveCfg = Debug|Any CPU
		{C4065610-0BFB-4C8A-A910-CA4AC7867022}.Debug|Any CPU.Build.0 = Debug|Any CPU
		{C4065610-0BFB-4C8A-A910-CA4AC7867022}.Release|Any CPU.ActiveCfg = Release|Any CPU
		{C4065610-0BFB-4C8A-A910-CA4AC7867022}.Release|Any CPU.Build.0 = Release|Any CPU
		{B57DEE51-4D5F-4BE7-8A05-AFD046A4E6F3}.Debug|Any CPU.ActiveCfg = Debug|Any CPU
		{B57DEE51-4D5F-4BE7-8A05-AFD046A4E6F3}.Debug|Any CPU.Build.0 = Debug|Any CPU
		{B57DEE51-4D5F-4BE7-8A05-AFD046A4E6F3}.Release|Any CPU.ActiveCfg = Release|Any CPU
		{B57DEE51-4D5F-4BE7-8A05-AFD046A4E6F3}.Release|Any CPU.Build.0 = Release|Any CPU
		{41C4E41B-AB7A-461A-8BC5-675F690ACF54}.Debug|Any CPU.ActiveCfg = Debug|Any CPU
		{41C4E41B-AB7A-461A-8BC5-675F690ACF54}.Debug|Any CPU.Build.0 = Debug|Any CPU
		{41C4E41B-AB7A-461A-8BC5-675F690ACF54}.Release|Any CPU.ActiveCfg = Release|Any CPU
		{41C4E41B-AB7A-461A-8BC5-675F690ACF54}.Release|Any CPU.Build.0 = Release|Any CPU
		{7A568EA0-29FA-4B1E-A440-EDCAB167B4B4}.Debug|Any CPU.ActiveCfg = Debug|Any CPU
		{7A568EA0-29FA-4B1E-A440-EDCAB167B4B4}.Debug|Any CPU.Build.0 = Debug|Any CPU
		{7A568EA0-29FA-4B1E-A440-EDCAB167B4B4}.Release|Any CPU.ActiveCfg = Release|Any CPU
		{7A568EA0-29FA-4B1E-A440-EDCAB167B4B4}.Release|Any CPU.Build.0 = Release|Any CPU
	EndGlobalSection
	GlobalSection(SolutionProperties) = preSolution
		HideSolutionNode = FALSE
	EndGlobalSection
	GlobalSection(ExtensibilityGlobals) = postSolution
		SolutionGuid = {A49C69D6-F76C-443A-A031-993F6500090E}
	EndGlobalSection
EndGlobal
